
Microsoft Visual Studio Solution File, Format Version 12.00
# Visual Studio 15
VisualStudioVersion = 15.0.28307.779
MinimumVisualStudioVersion = 10.0.40219.1
Project("{FAE04EC0-301F-11D3-BF4B-00C04F79EFBC}") = "VitecProject", "VitecProject\VitecProject.csproj", "{7A8DC022-B2E7-4E21-B95C-CCEF45CD5A1B}"
EndProject
Global
	GlobalSection(SolutionConfigurationPlatforms) = preSolution
		Debug|Any CPU = Debug|Any CPU
		Release|Any CPU = Release|Any CPU
	EndGlobalSection
	GlobalSection(ProjectConfigurationPlatforms) = postSolution
		{7A8DC022-B2E7-4E21-B95C-CCEF45CD5A1B}.Debug|Any CPU.ActiveCfg = Debug|Any CPU
		{7A8DC022-B2E7-4E21-B95C-CCEF45CD5A1B}.Debug|Any CPU.Build.0 = Debug|Any CPU
		{7A8DC022-B2E7-4E21-B95C-CCEF45CD5A1B}.Release|Any CPU.ActiveCfg = Release|Any CPU
		{7A8DC022-B2E7-4E21-B95C-CCEF45CD5A1B}.Release|Any CPU.Build.0 = Release|Any CPU
	EndGlobalSection
	GlobalSection(SolutionProperties) = preSolution
		HideSolutionNode = FALSE
	EndGlobalSection
	GlobalSection(ExtensibilityGlobals) = postSolution
		SolutionGuid = {C8FE9131-B6E3-46A9-B2B8-48E7C4948D3E}
	EndGlobalSection
EndGlobal
